// !$*UTF8*$!
{
	archiveVersion = 1;
	classes = {
	};
	objectVersion = 56;
	objects = {

/* Begin PBXBuildFile section */
		ED0523CD2B7327AE00F2508D /* AppDelegate.swift in Sources */ = {isa = PBXBuildFile; fileRef = ED0523CC2B7327AE00F2508D /* AppDelegate.swift */; };
		ED0523CF2B7327AE00F2508D /* art.scnassets in Resources */ = {isa = PBXBuildFile; fileRef = ED0523CE2B7327AE00F2508D /* art.scnassets */; };
		ED0523D12B7327AE00F2508D /* ViewController.swift in Sources */ = {isa = PBXBuildFile; fileRef = ED0523D02B7327AE00F2508D /* ViewController.swift */; };
		ED0523D42B7327AE00F2508D /* Main.storyboard in Resources */ = {isa = PBXBuildFile; fileRef = ED0523D22B7327AE00F2508D /* Main.storyboard */; };
		ED0523D62B7327B000F2508D /* Assets.xcassets in Resources */ = {isa = PBXBuildFile; fileRef = ED0523D52B7327B000F2508D /* Assets.xcassets */; };
		ED0523D92B7327B000F2508D /* LaunchScreen.storyboard in Resources */ = {isa = PBXBuildFile; fileRef = ED0523D72B7327B000F2508D /* LaunchScreen.storyboard */; };
		ED0523E32B7327B100F2508D /* VideoStreamingTests.swift in Sources */ = {isa = PBXBuildFile; fileRef = ED0523E22B7327B100F2508D /* VideoStreamingTests.swift */; };
		ED0523ED2B7327B100F2508D /* VideoStreamingUITests.swift in Sources */ = {isa = PBXBuildFile; fileRef = ED0523EC2B7327B100F2508D /* VideoStreamingUITests.swift */; };
		ED0523EF2B7327B100F2508D /* VideoStreamingUITestsLaunchTests.swift in Sources */ = {isa = PBXBuildFile; fileRef = ED0523EE2B7327B100F2508D /* VideoStreamingUITestsLaunchTests.swift */; };
/* End PBXBuildFile section */

/* Begin PBXContainerItemProxy section */
		ED0523DF2B7327B100F2508D /* PBXContainerItemProxy */ = {
			isa = PBXContainerItemProxy;
			containerPortal = ED0523C12B7327AE00F2508D /* Project object */;
			proxyType = 1;
			remoteGlobalIDString = ED0523C82B7327AE00F2508D;
			remoteInfo = VideoStreaming;
		};
		ED0523E92B7327B100F2508D /* PBXContainerItemProxy */ = {
			isa = PBXContainerItemProxy;
			containerPortal = ED0523C12B7327AE00F2508D /* Project object */;
			proxyType = 1;
			remoteGlobalIDString = ED0523C82B7327AE00F2508D;
			remoteInfo = VideoStreaming;
		};
/* End PBXContainerItemProxy section */

/* Begin PBXFileReference section */
		ED0523C92B7327AE00F2508D /* VideoStreaming.app */ = {isa = PBXFileReference; explicitFileType = wrapper.application; includeInIndex = 0; path = VideoStreaming.app; sourceTree = BUILT_PRODUCTS_DIR; };
		ED0523CC2B7327AE00F2508D /* AppDelegate.swift */ = {isa = PBXFileReference; lastKnownFileType = sourcecode.swift; path = AppDelegate.swift; sourceTree = "<group>"; };
		ED0523CE2B7327AE00F2508D /* art.scnassets */ = {isa = PBXFileReference; lastKnownFileType = wrapper.scnassets; path = art.scnassets; sourceTree = "<group>"; };
		ED0523D02B7327AE00F2508D /* ViewController.swift */ = {isa = PBXFileReference; lastKnownFileType = sourcecode.swift; path = ViewController.swift; sourceTree = "<group>"; };
		ED0523D32B7327AE00F2508D /* Base */ = {isa = PBXFileReference; lastKnownFileType = file.storyboard; name = Base; path = Base.lproj/Main.storyboard; sourceTree = "<group>"; };
		ED0523D52B7327B000F2508D /* Assets.xcassets */ = {isa = PBXFileReference; lastKnownFileType = folder.assetcatalog; path = Assets.xcassets; sourceTree = "<group>"; };
		ED0523D82B7327B000F2508D /* Base */ = {isa = PBXFileReference; lastKnownFileType = file.storyboard; name = Base; path = Base.lproj/LaunchScreen.storyboard; sourceTree = "<group>"; };
		ED0523DE2B7327B100F2508D /* VideoStreamingTests.xctest */ = {isa = PBXFileReference; explicitFileType = wrapper.cfbundle; includeInIndex = 0; path = VideoStreamingTests.xctest; sourceTree = BUILT_PRODUCTS_DIR; };
		ED0523E22B7327B100F2508D /* VideoStreamingTests.swift */ = {isa = PBXFileReference; lastKnownFileType = sourcecode.swift; path = VideoStreamingTests.swift; sourceTree = "<group>"; };
		ED0523E82B7327B100F2508D /* VideoStreamingUITests.xctest */ = {isa = PBXFileReference; explicitFileType = wrapper.cfbundle; includeInIndex = 0; path = VideoStreamingUITests.xctest; sourceTree = BUILT_PRODUCTS_DIR; };
		ED0523EC2B7327B100F2508D /* VideoStreamingUITests.swift */ = {isa = PBXFileReference; lastKnownFileType = sourcecode.swift; path = VideoStreamingUITests.swift; sourceTree = "<group>"; };
		ED0523EE2B7327B100F2508D /* VideoStreamingUITestsLaunchTests.swift */ = {isa = PBXFileReference; lastKnownFileType = sourcecode.swift; path = VideoStreamingUITestsLaunchTests.swift; sourceTree = "<group>"; };
/* End PBXFileReference section */

/* Begin PBXFrameworksBuildPhase section */
		ED0523C62B7327AE00F2508D /* Frameworks */ = {
			isa = PBXFrameworksBuildPhase;
			buildActionMask = 2147483647;
			files = (
			);
			runOnlyForDeploymentPostprocessing = 0;
		};
		ED0523DB2B7327B100F2508D /* Frameworks */ = {
			isa = PBXFrameworksBuildPhase;
			buildActionMask = 2147483647;
			files = (
			);
			runOnlyForDeploymentPostprocessing = 0;
		};
		ED0523E52B7327B100F2508D /* Frameworks */ = {
			isa = PBXFrameworksBuildPhase;
			buildActionMask = 2147483647;
			files = (
			);
			runOnlyForDeploymentPostprocessing = 0;
		};
/* End PBXFrameworksBuildPhase section */

/* Begin PBXGroup section */
		ED0523C02B7327AE00F2508D = {
			isa = PBXGroup;
			children = (
				ED0523CB2B7327AE00F2508D /* VideoStreaming */,
				ED0523E12B7327B100F2508D /* VideoStreamingTests */,
				ED0523EB2B7327B100F2508D /* VideoStreamingUITests */,
				ED0523CA2B7327AE00F2508D /* Products */,
			);
			sourceTree = "<group>";
		};
		ED0523CA2B7327AE00F2508D /* Products */ = {
			isa = PBXGroup;
			children = (
				ED0523C92B7327AE00F2508D /* VideoStreaming.app */,
				ED0523DE2B7327B100F2508D /* VideoStreamingTests.xctest */,
				ED0523E82B7327B100F2508D /* VideoStreamingUITests.xctest */,
			);
			name = Products;
			sourceTree = "<group>";
		};
		ED0523CB2B7327AE00F2508D /* VideoStreaming */ = {
			isa = PBXGroup;
			children = (
				ED0523CC2B7327AE00F2508D /* AppDelegate.swift */,
				ED0523CE2B7327AE00F2508D /* art.scnassets */,
				ED0523D02B7327AE00F2508D /* ViewController.swift */,
				ED0523D22B7327AE00F2508D /* Main.storyboard */,
				ED0523D52B7327B000F2508D /* Assets.xcassets */,
				ED0523D72B7327B000F2508D /* LaunchScreen.storyboard */,
			);
			path = VideoStreaming;
			sourceTree = "<group>";
		};
		ED0523E12B7327B100F2508D /* VideoStreamingTests */ = {
			isa = PBXGroup;
			children = (
				ED0523E22B7327B100F2508D /* VideoStreamingTests.swift */,
			);
			path = VideoStreamingTests;
			sourceTree = "<group>";
		};
		ED0523EB2B7327B100F2508D /* VideoStreamingUITests */ = {
			isa = PBXGroup;
			children = (
				ED0523EC2B7327B100F2508D /* VideoStreamingUITests.swift */,
				ED0523EE2B7327B100F2508D /* VideoStreamingUITestsLaunchTests.swift */,
			);
			path = VideoStreamingUITests;
			sourceTree = "<group>";
		};
/* End PBXGroup section */

/* Begin PBXNativeTarget section */
		ED0523C82B7327AE00F2508D /* VideoStreaming */ = {
			isa = PBXNativeTarget;
			buildConfigurationList = ED0523F22B7327B100F2508D /* Build configuration list for PBXNativeTarget "VideoStreaming" */;
			buildPhases = (
				ED0523C52B7327AE00F2508D /* Sources */,
				ED0523C62B7327AE00F2508D /* Frameworks */,
				ED0523C72B7327AE00F2508D /* Resources */,
			);
			buildRules = (
			);
			dependencies = (
			);
			name = VideoStreaming;
			productName = VideoStreaming;
			productReference = ED0523C92B7327AE00F2508D /* VideoStreaming.app */;
			productType = "com.apple.product-type.application";
		};
		ED0523DD2B7327B100F2508D /* VideoStreamingTests */ = {
			isa = PBXNativeTarget;
			buildConfigurationList = ED0523F52B7327B100F2508D /* Build configuration list for PBXNativeTarget "VideoStreamingTests" */;
			buildPhases = (
				ED0523DA2B7327B100F2508D /* Sources */,
				ED0523DB2B7327B100F2508D /* Frameworks */,
				ED0523DC2B7327B100F2508D /* Resources */,
			);
			buildRules = (
			);
			dependencies = (
				ED0523E02B7327B100F2508D /* PBXTargetDependency */,
			);
			name = VideoStreamingTests;
			productName = VideoStreamingTests;
			productReference = ED0523DE2B7327B100F2508D /* VideoStreamingTests.xctest */;
			productType = "com.apple.product-type.bundle.unit-test";
		};
		ED0523E72B7327B100F2508D /* VideoStreamingUITests */ = {
			isa = PBXNativeTarget;
			buildConfigurationList = ED0523F82B7327B100F2508D /* Build configuration list for PBXNativeTarget "VideoStreamingUITests" */;
			buildPhases = (
				ED0523E42B7327B100F2508D /* Sources */,
				ED0523E52B7327B100F2508D /* Frameworks */,
				ED0523E62B7327B100F2508D /* Resources */,
			);
			buildRules = (
			);
			dependencies = (
				ED0523EA2B7327B100F2508D /* PBXTargetDependency */,
			);
			name = VideoStreamingUITests;
			productName = VideoStreamingUITests;
			productReference = ED0523E82B7327B100F2508D /* VideoStreamingUITests.xctest */;
			productType = "com.apple.product-type.bundle.ui-testing";
		};
/* End PBXNativeTarget section */

/* Begin PBXProject section */
		ED0523C12B7327AE00F2508D /* Project object */ = {
			isa = PBXProject;
			attributes = {
				BuildIndependentTargetsInParallel = 1;
				LastSwiftUpdateCheck = 1500;
				LastUpgradeCheck = 1500;
				TargetAttributes = {
					ED0523C82B7327AE00F2508D = {
						CreatedOnToolsVersion = 15.0.1;
					};
					ED0523DD2B7327B100F2508D = {
						CreatedOnToolsVersion = 15.0.1;
						TestTargetID = ED0523C82B7327AE00F2508D;
					};
					ED0523E72B7327B100F2508D = {
						CreatedOnToolsVersion = 15.0.1;
						TestTargetID = ED0523C82B7327AE00F2508D;
					};
				};
			};
			buildConfigurationList = ED0523C42B7327AE00F2508D /* Build configuration list for PBXProject "VideoStreaming" */;
			compatibilityVersion = "Xcode 14.0";
			developmentRegion = en;
			hasScannedForEncodings = 0;
			knownRegions = (
				en,
				Base,
			);
			mainGroup = ED0523C02B7327AE00F2508D;
			productRefGroup = ED0523CA2B7327AE00F2508D /* Products */;
			projectDirPath = "";
			projectRoot = "";
			targets = (
				ED0523C82B7327AE00F2508D /* VideoStreaming */,
				ED0523DD2B7327B100F2508D /* VideoStreamingTests */,
				ED0523E72B7327B100F2508D /* VideoStreamingUITests */,
			);
		};
/* End PBXProject section */

/* Begin PBXResourcesBuildPhase section */
		ED0523C72B7327AE00F2508D /* Resources */ = {
			isa = PBXResourcesBuildPhase;
			buildActionMask = 2147483647;
			files = (
				ED0523CF2B7327AE00F2508D /* art.scnassets in Resources */,
				ED0523D92B7327B000F2508D /* LaunchScreen.storyboard in Resources */,
				ED0523D62B7327B000F2508D /* Assets.xcassets in Resources */,
				ED0523D42B7327AE00F2508D /* Main.storyboard in Resources */,
			);
			runOnlyForDeploymentPostprocessing = 0;
		};
		ED0523DC2B7327B100F2508D /* Resources */ = {
			isa = PBXResourcesBuildPhase;
			buildActionMask = 2147483647;
			files = (
			);
			runOnlyForDeploymentPostprocessing = 0;
		};
		ED0523E62B7327B100F2508D /* Resources */ = {
			isa = PBXResourcesBuildPhase;
			buildActionMask = 2147483647;
			files = (
			);
			runOnlyForDeploymentPostprocessing = 0;
		};
/* End PBXResourcesBuildPhase section */

/* Begin PBXSourcesBuildPhase section */
		ED0523C52B7327AE00F2508D /* Sources */ = {
			isa = PBXSourcesBuildPhase;
			buildActionMask = 2147483647;
			files = (
				ED0523D12B7327AE00F2508D /* ViewController.swift in Sources */,
				ED0523CD2B7327AE00F2508D /* AppDelegate.swift in Sources */,
			);
			runOnlyForDeploymentPostprocessing = 0;
		};
		ED0523DA2B7327B100F2508D /* Sources */ = {
			isa = PBXSourcesBuildPhase;
			buildActionMask = 2147483647;
			files = (
				ED0523E32B7327B100F2508D /* VideoStreamingTests.swift in Sources */,
			);
			runOnlyForDeploymentPostprocessing = 0;
		};
		ED0523E42B7327B100F2508D /* Sources */ = {
			isa = PBXSourcesBuildPhase;
			buildActionMask = 2147483647;
			files = (
				ED0523ED2B7327B100F2508D /* VideoStreamingUITests.swift in Sources */,
				ED0523EF2B7327B100F2508D /* VideoStreamingUITestsLaunchTests.swift in Sources */,
			);
			runOnlyForDeploymentPostprocessing = 0;
		};
/* End PBXSourcesBuildPhase section */

/* Begin PBXTargetDependency section */
		ED0523E02B7327B100F2508D /* PBXTargetDependency */ = {
			isa = PBXTargetDependency;
			target = ED0523C82B7327AE00F2508D /* VideoStreaming */;
			targetProxy = ED0523DF2B7327B100F2508D /* PBXContainerItemProxy */;
		};
		ED0523EA2B7327B100F2508D /* PBXTargetDependency */ = {
			isa = PBXTargetDependency;
			target = ED0523C82B7327AE00F2508D /* VideoStreaming */;
			targetProxy = ED0523E92B7327B100F2508D /* PBXContainerItemProxy */;
		};
/* End PBXTargetDependency section */

/* Begin PBXVariantGroup section */
		ED0523D22B7327AE00F2508D /* Main.storyboard */ = {
			isa = PBXVariantGroup;
			children = (
				ED0523D32B7327AE00F2508D /* Base */,
			);
			name = Main.storyboard;
			sourceTree = "<group>";
		};
		ED0523D72B7327B000F2508D /* LaunchScreen.storyboard */ = {
			isa = PBXVariantGroup;
			children = (
				ED0523D82B7327B000F2508D /* Base */,
			);
			name = LaunchScreen.storyboard;
			sourceTree = "<group>";
		};
/* End PBXVariantGroup section */

/* Begin XCBuildConfiguration section */
		ED0523F02B7327B100F2508D /* Debug */ = {
			isa = XCBuildConfiguration;
			buildSettings = {
				ALWAYS_SEARCH_USER_PATHS = NO;
				ASSETCATALOG_COMPILER_GENERATE_SWIFT_ASSET_SYMBOL_EXTENSIONS = YES;
				CLANG_ANALYZER_NONNULL = YES;
				CLANG_ANALYZER_NUMBER_OBJECT_CONVERSION = YES_AGGRESSIVE;
				CLANG_CXX_LANGUAGE_STANDARD = "gnu++20";
				CLANG_ENABLE_MODULES = YES;
				CLANG_ENABLE_OBJC_ARC = YES;
				CLANG_ENABLE_OBJC_WEAK = YES;
				CLANG_WARN_BLOCK_CAPTURE_AUTORELEASING = YES;
				CLANG_WARN_BOOL_CONVERSION = YES;
				CLANG_WARN_COMMA = YES;
				CLANG_WARN_CONSTANT_CONVERSION = YES;
				CLANG_WARN_DEPRECATED_OBJC_IMPLEMENTATIONS = YES;
				CLANG_WARN_DIRECT_OBJC_ISA_USAGE = YES_ERROR;
				CLANG_WARN_DOCUMENTATION_COMMENTS = YES;
				CLANG_WARN_EMPTY_BODY = YES;
				CLANG_WARN_ENUM_CONVERSION = YES;
				CLANG_WARN_INFINITE_RECURSION = YES;
				CLANG_WARN_INT_CONVERSION = YES;
				CLANG_WARN_NON_LITERAL_NULL_CONVERSION = YES;
				CLANG_WARN_OBJC_IMPLICIT_RETAIN_SELF = YES;
				CLANG_WARN_OBJC_LITERAL_CONVERSION = YES;
				CLANG_WARN_OBJC_ROOT_CLASS = YES_ERROR;
				CLANG_WARN_QUOTED_INCLUDE_IN_FRAMEWORK_HEADER = YES;
				CLANG_WARN_RANGE_LOOP_ANALYSIS = YES;
				CLANG_WARN_STRICT_PROTOTYPES = YES;
				CLANG_WARN_SUSPICIOUS_MOVE = YES;
				CLANG_WARN_UNGUARDED_AVAILABILITY = YES_AGGRESSIVE;
				CLANG_WARN_UNREACHABLE_CODE = YES;
				CLANG_WARN__DUPLICATE_METHOD_MATCH = YES;
				COPY_PHASE_STRIP = NO;
				DEBUG_INFORMATION_FORMAT = dwarf;
				ENABLE_STRICT_OBJC_MSGSEND = YES;
				ENABLE_TESTABILITY = YES;
				ENABLE_USER_SCRIPT_SANDBOXING = YES;
				GCC_C_LANGUAGE_STANDARD = gnu17;
				GCC_DYNAMIC_NO_PIC = NO;
				GCC_NO_COMMON_BLOCKS = YES;
				GCC_OPTIMIZATION_LEVEL = 0;
				GCC_PREPROCESSOR_DEFINITIONS = (
					"DEBUG=1",
					"$(inherited)",
				);
				GCC_WARN_64_TO_32_BIT_CONVERSION = YES;
				GCC_WARN_ABOUT_RETURN_TYPE = YES_ERROR;
				GCC_WARN_UNDECLARED_SELECTOR = YES;
				GCC_WARN_UNINITIALIZED_AUTOS = YES_AGGRESSIVE;
				GCC_WARN_UNUSED_FUNCTION = YES;
				GCC_WARN_UNUSED_VARIABLE = YES;
				IPHONEOS_DEPLOYMENT_TARGET = 17.0;
				LOCALIZATION_PREFERS_STRING_CATALOGS = YES;
				MTL_ENABLE_DEBUG_INFO = INCLUDE_SOURCE;
				MTL_FAST_MATH = YES;
				ONLY_ACTIVE_ARCH = YES;
				SDKROOT = iphoneos;
				SWIFT_ACTIVE_COMPILATION_CONDITIONS = "DEBUG $(inherited)";
				SWIFT_OPTIMIZATION_LEVEL = "-Onone";
			};
			name = Debug;
		};
		ED0523F12B7327B100F2508D /* Release */ = {
			isa = XCBuildConfiguration;
			buildSettings = {
				ALWAYS_SEARCH_USER_PATHS = NO;
				ASSETCATALOG_COMPILER_GENERATE_SWIFT_ASSET_SYMBOL_EXTENSIONS = YES;
				CLANG_ANALYZER_NONNULL = YES;
				CLANG_ANALYZER_NUMBER_OBJECT_CONVERSION = YES_AGGRESSIVE;
				CLANG_CXX_LANGUAGE_STANDARD = "gnu++20";
				CLANG_ENABLE_MODULES = YES;
				CLANG_ENABLE_OBJC_ARC = YES;
				CLANG_ENABLE_OBJC_WEAK = YES;
				CLANG_WARN_BLOCK_CAPTURE_AUTORELEASING = YES;
				CLANG_WARN_BOOL_CONVERSION = YES;
				CLANG_WARN_COMMA = YES;
				CLANG_WARN_CONSTANT_CONVERSION = YES;
				CLANG_WARN_DEPRECATED_OBJC_IMPLEMENTATIONS = YES;
				CLANG_WARN_DIRECT_OBJC_ISA_USAGE = YES_ERROR;
				CLANG_WARN_DOCUMENTATION_COMMENTS = YES;
				CLANG_WARN_EMPTY_BODY = YES;
				CLANG_WARN_ENUM_CONVERSION = YES;
				CLANG_WARN_INFINITE_RECURSION = YES;
				CLANG_WARN_INT_CONVERSION = YES;
				CLANG_WARN_NON_LITERAL_NULL_CONVERSION = YES;
				CLANG_WARN_OBJC_IMPLICIT_RETAIN_SELF = YES;
				CLANG_WARN_OBJC_LITERAL_CONVERSION = YES;
				CLANG_WARN_OBJC_ROOT_CLASS = YES_ERROR;
				CLANG_WARN_QUOTED_INCLUDE_IN_FRAMEWORK_HEADER = YES;
				CLANG_WARN_RANGE_LOOP_ANALYSIS = YES;
				CLANG_WARN_STRICT_PROTOTYPES = YES;
				CLANG_WARN_SUSPICIOUS_MOVE = YES;
				CLANG_WARN_UNGUARDED_AVAILABILITY = YES_AGGRESSIVE;
				CLANG_WARN_UNREACHABLE_CODE = YES;
				CLANG_WARN__DUPLICATE_METHOD_MATCH = YES;
				COPY_PHASE_STRIP = NO;
				DEBUG_INFORMATION_FORMAT = "dwarf-with-dsym";
				ENABLE_NS_ASSERTIONS = NO;
				ENABLE_STRICT_OBJC_MSGSEND = YES;
				ENABLE_USER_SCRIPT_SANDBOXING = YES;
				GCC_C_LANGUAGE_STANDARD = gnu17;
				GCC_NO_COMMON_BLOCKS = YES;
				GCC_WARN_64_TO_32_BIT_CONVERSION = YES;
				GCC_WARN_ABOUT_RETURN_TYPE = YES_ERROR;
				GCC_WARN_UNDECLARED_SELECTOR = YES;
				GCC_WARN_UNINITIALIZED_AUTOS = YES_AGGRESSIVE;
				GCC_WARN_UNUSED_FUNCTION = YES;
				GCC_WARN_UNUSED_VARIABLE = YES;
				IPHONEOS_DEPLOYMENT_TARGET = 17.0;
				LOCALIZATION_PREFERS_STRING_CATALOGS = YES;
				MTL_ENABLE_DEBUG_INFO = NO;
				MTL_FAST_MATH = YES;
				SDKROOT = iphoneos;
				SWIFT_COMPILATION_MODE = wholemodule;
				VALIDATE_PRODUCT = YES;
			};
			name = Release;
		};
		ED0523F32B7327B100F2508D /* Debug */ = {
			isa = XCBuildConfiguration;
			buildSettings = {
				ASSETCATALOG_COMPILER_APPICON_NAME = AppIcon;
				ASSETCATALOG_COMPILER_GLOBAL_ACCENT_COLOR_NAME = AccentColor;
				CODE_SIGN_STYLE = Automatic;
				CURRENT_PROJECT_VERSION = 1;
				DEVELOPMENT_TEAM = VQZRPN7R3S;
				GENERATE_INFOPLIST_FILE = YES;
				INFOPLIST_KEY_NSCameraUsageDescription = "";
				INFOPLIST_KEY_UIApplicationSupportsIndirectInputEvents = YES;
				INFOPLIST_KEY_UILaunchStoryboardName = LaunchScreen;
				INFOPLIST_KEY_UIMainStoryboardFile = Main;
				INFOPLIST_KEY_UIRequiredDeviceCapabilities = arkit;
				INFOPLIST_KEY_UIStatusBarHidden = YES;
				INFOPLIST_KEY_UISupportedInterfaceOrientations_iPad = "UIInterfaceOrientationPortrait UIInterfaceOrientationPortraitUpsideDown UIInterfaceOrientationLandscapeLeft UIInterfaceOrientationLandscapeRight";
				INFOPLIST_KEY_UISupportedInterfaceOrientations_iPhone = "UIInterfaceOrientationPortrait UIInterfaceOrientationLandscapeLeft UIInterfaceOrientationLandscapeRight";
				IPHONEOS_DEPLOYMENT_TARGET = 15.5;
				LD_RUNPATH_SEARCH_PATHS = (
					"$(inherited)",
					"@executable_path/Frameworks",
				);
				MARKETING_VERSION = 1.0;
				PRODUCT_BUNDLE_IDENTIFIER = hungngo195.VideoStreaming;
				PRODUCT_NAME = "$(TARGET_NAME)";
				SWIFT_EMIT_LOC_STRINGS = YES;
				SWIFT_VERSION = 5.0;
				TARGETED_DEVICE_FAMILY = "1,2";
			};
			name = Debug;
		};
		ED0523F42B7327B100F2508D /* Release */ = {
			isa = XCBuildConfiguration;
			buildSettings = {
				ASSETCATALOG_COMPILER_APPICON_NAME = AppIcon;
				ASSETCATALOG_COMPILER_GLOBAL_ACCENT_COLOR_NAME = AccentColor;
				CODE_SIGN_STYLE = Automatic;
				CURRENT_PROJECT_VERSION = 1;
				DEVELOPMENT_TEAM = VQZRPN7R3S;
				GENERATE_INFOPLIST_FILE = YES;
				INFOPLIST_KEY_NSCameraUsageDescription = "";
				INFOPLIST_KEY_UIApplicationSupportsIndirectInputEvents = YES;
				INFOPLIST_KEY_UILaunchStoryboardName = LaunchScreen;
				INFOPLIST_KEY_UIMainStoryboardFile = Main;
				INFOPLIST_KEY_UIRequiredDeviceCapabilities = arkit;
				INFOPLIST_KEY_UIStatusBarHidden = YES;
				INFOPLIST_KEY_UISupportedInterfaceOrientations_iPad = "UIInterfaceOrientationPortrait UIInterfaceOrientationPortraitUpsideDown UIInterfaceOrientationLandscapeLeft UIInterfaceOrientationLandscapeRight";
				INFOPLIST_KEY_UISupportedInterfaceOrientations_iPhone = "UIInterfaceOrientationPortrait UIInterfaceOrientationLandscapeLeft UIInterfaceOrientationLandscapeRight";
				IPHONEOS_DEPLOYMENT_TARGET = 15.5;
				LD_RUNPATH_SEARCH_PATHS = (
					"$(inherited)",
					"@executable_path/Frameworks",
				);
				MARKETING_VERSION = 1.0;
				PRODUCT_BUNDLE_IDENTIFIER = hungngo195.VideoStreaming;
				PRODUCT_NAME = "$(TARGET_NAME)";
				SWIFT_EMIT_LOC_STRINGS = YES;
				SWIFT_VERSION = 5.0;
				TARGETED_DEVICE_FAMILY = "1,2";
			};
			name = Release;
		};
		ED0523F62B7327B100F2508D /* Debug */ = {
			isa = XCBuildConfiguration;
			buildSettings = {
				ALWAYS_EMBED_SWIFT_STANDARD_LIBRARIES = YES;
				BUNDLE_LOADER = "$(TEST_HOST)";
				CODE_SIGN_STYLE = Automatic;
				CURRENT_PROJECT_VERSION = 1;
				DEVELOPMENT_TEAM = VQZRPN7R3S;
				GENERATE_INFOPLIST_FILE = YES;
				IPHONEOS_DEPLOYMENT_TARGET = 17.0;
				MARKETING_VERSION = 1.0;
				PRODUCT_BUNDLE_IDENTIFIER = hungngo195.VideoStreamingTests;
				PRODUCT_NAME = "$(TARGET_NAME)";
				SWIFT_EMIT_LOC_STRINGS = NO;
				SWIFT_VERSION = 5.0;
				TARGETED_DEVICE_FAMILY = "1,2";
				TEST_HOST = "$(BUILT_PRODUCTS_DIR)/VideoStreaming.app/$(BUNDLE_EXECUTABLE_FOLDER_PATH)/VideoStreaming";
			};
			name = Debug;
		};
		ED0523F72B7327B100F2508D /* Release */ = {
			isa = XCBuildConfiguration;
			buildSettings = {
				ALWAYS_EMBED_SWIFT_STANDARD_LIBRARIES = YES;
				BUNDLE_LOADER = "$(TEST_HOST)";
				CODE_SIGN_STYLE = Automatic;
				CURRENT_PROJECT_VERSION = 1;
				DEVELOPMENT_TEAM = VQZRPN7R3S;
				GENERATE_INFOPLIST_FILE = YES;
				IPHONEOS_DEPLOYMENT_TARGET = 17.0;
				MARKETING_VERSION = 1.0;
				PRODUCT_BUNDLE_IDENTIFIER = hungngo195.VideoStreamingTests;
				PRODUCT_NAME = "$(TARGET_NAME)";
				SWIFT_EMIT_LOC_STRINGS = NO;
				SWIFT_VERSION = 5.0;
				TARGETED_DEVICE_FAMILY = "1,2";
				TEST_HOST = "$(BUILT_PRODUCTS_DIR)/VideoStreaming.app/$(BUNDLE_EXECUTABLE_FOLDER_PATH)/VideoStreaming";
			};
			name = Release;
		};
		ED0523F92B7327B100F2508D /* Debug */ = {
			isa = XCBuildConfiguration;
			buildSettings = {
				ALWAYS_EMBED_SWIFT_STANDARD_LIBRARIES = YES;
				CODE_SIGN_STYLE = Automatic;
				CURRENT_PROJECT_VERSION = 1;
				DEVELOPMENT_TEAM = VQZRPN7R3S;
				GENERATE_INFOPLIST_FILE = YES;
				MARKETING_VERSION = 1.0;
				PRODUCT_BUNDLE_IDENTIFIER = hungngo195.VideoStreamingUITests;
				PRODUCT_NAME = "$(TARGET_NAME)";
				SWIFT_EMIT_LOC_STRINGS = NO;
				SWIFT_VERSION = 5.0;
				TARGETED_DEVICE_FAMILY = "1,2";
				TEST_TARGET_NAME = VideoStreaming;
			};
			name = Debug;
		};
		ED0523FA2B7327B100F2508D /* Release */ = {
			isa = XCBuildConfiguration;
			buildSettings = {
				ALWAYS_EMBED_SWIFT_STANDARD_LIBRARIES = YES;
				CODE_SIGN_STYLE = Automatic;
				CURRENT_PROJECT_VERSION = 1;
				DEVELOPMENT_TEAM = VQZRPN7R3S;
				GENERATE_INFOPLIST_FILE = YES;
				MARKETING_VERSION = 1.0;
				PRODUCT_BUNDLE_IDENTIFIER = hungngo195.VideoStreamingUITests;
				PRODUCT_NAME = "$(TARGET_NAME)";
				SWIFT_EMIT_LOC_STRINGS = NO;
				SWIFT_VERSION = 5.0;
				TARGETED_DEVICE_FAMILY = "1,2";
				TEST_TARGET_NAME = VideoStreaming;
			};
			name = Release;
		};
/* End XCBuildConfiguration section */

/* Begin XCConfigurationList section */
		ED0523C42B7327AE00F2508D /* Build configuration list for PBXProject "VideoStreaming" */ = {
			isa = XCConfigurationList;
			buildConfigurations = (
				ED0523F02B7327B100F2508D /* Debug */,
				ED0523F12B7327B100F2508D /* Release */,
			);
			defaultConfigurationIsVisible = 0;
			defaultConfigurationName = Release;
		};
		ED0523F22B7327B100F2508D /* Build configuration list for PBXNativeTarget "VideoStreaming" */ = {
			isa = XCConfigurationList;
			buildConfigurations = (
				ED0523F32B7327B100F2508D /* Debug */,
				ED0523F42B7327B100F2508D /* Release */,
			);
			defaultConfigurationIsVisible = 0;
			defaultConfigurationName = Release;
		};
		ED0523F52B7327B100F2508D /* Build configuration list for PBXNativeTarget "VideoStreamingTests" */ = {
			isa = XCConfigurationList;
			buildConfigurations = (
				ED0523F62B7327B100F2508D /* Debug */,
				ED0523F72B7327B100F2508D /* Release */,
			);
			defaultConfigurationIsVisible = 0;
			defaultConfigurationName = Release;
		};
		ED0523F82B7327B100F2508D /* Build configuration list for PBXNativeTarget "VideoStreamingUITests" */ = {
			isa = XCConfigurationList;
			buildConfigurations = (
				ED0523F92B7327B100F2508D /* Debug */,
				ED0523FA2B7327B100F2508D /* Release */,
			);
			defaultConfigurationIsVisible = 0;
			defaultConfigurationName = Release;
		};
/* End XCConfigurationList section */
	};
	rootObject = ED0523C12B7327AE00F2508D /* Project object */;
}
